lockfileVersion: '9.0'

settings:
  autoInstallPeers: true
  excludeLinksFromLockfile: false

importers:

  .:
    dependencies:
      '@capacitor-community/safe-area':
        specifier: 7.0.0-alpha.1
        version: 7.0.0-alpha.1(@capacitor/core@7.4.3)

packages:

  '@capacitor-community/safe-area@7.0.0-alpha.1':
    resolution: {integrity: sha512-N6ktkRiofqrt+N/vQzh4jcWY8IzJ4TVw1tKAPssvbddWFTyZzXzSdBeX/l/nracJF0PZqmLdA7JYTBfnOxXQYw==}
    peerDependencies:
      '@capacitor/core': '>=7.0.0'

  '@capacitor/core@7.4.3':
    resolution: {integrity: sha512-wCWr8fQ9Wxn0466vPg7nMn0tivbNVjNy1yL4GvDSIZuZx7UpU2HeVGNe9QjN/quEd+YLRFeKEBLBw619VqUiNg==}

  tslib@2.8.1:
    resolution: {integrity: sha512-oJFu94HQb+KVduSUQL7wnpmqnfmLsOA/nAh6b6EH0wCEoK0/mPeXU6c3wKDV83MkOuHPRHtSXKKU99IBazS/2w==}

snapshots:

  '@capacitor-community/safe-area@7.0.0-alpha.1(@capacitor/core@7.4.3)':
    dependencies:
      '@capacitor/core': 7.4.3

  '@capacitor/core@7.4.3':
    dependencies:
      tslib: 2.8.1

  tslib@2.8.1: {}
