lockfileVersion: '9.0'

settings:
  autoInstallPeers: true
  excludeLinksFromLockfile: false

importers:

  .:
    dependencies:
      storybook-mock-date-decorator:
        specifier: ^2.0.6
        version: 2.0.6(@storybook/addons@7.6.17(react-dom@18.3.1(react@18.3.1))(react@18.3.1))

packages:

  '@babel/helper-string-parser@7.24.8':
    resolution: {integrity: sha512-pO9KhhRcuUyGnJWwyEgnRJTSIZHiT+vMD0kPeD+so0l7mxkMT19g3pjY9GTnHySck/hDzq+dtW/4VgnMkippsQ==}
    engines: {node: '>=6.9.0'}

  '@babel/helper-validator-identifier@7.24.7':
    resolution: {integrity: sha512-rR+PBcQ1SMQDDyF6X0wxtG8QyLCgUB0eRAGguqRLfkCA87l7yAP7ehq8SNj96OOGTO8OBV70KhuFYcIkHXOg0w==}
    engines: {node: '>=6.9.0'}

  '@babel/parser@7.25.6':
    resolution: {integrity: sha512-trGdfBdbD0l1ZPmcJ83eNxB9rbEax4ALFTF7fN386TMYbeCQbyme5cOEXQhbGXKebwGaB/J52w1mrklMcbgy6Q==}
    engines: {node: '>=6.0.0'}
    hasBin: true

  '@babel/types@7.25.6':
    resolution: {integrity: sha512-/l42B1qxpG6RdfYf343Uw1vmDjeNhneUXtzhojE7pDgfpEypmRhI6j1kr17XCVv4Cgl9HdAiQY2x0GwKm7rWCw==}
    engines: {node: '>=6.9.0'}

  '@emotion/use-insertion-effect-with-fallbacks@1.1.0':
    resolution: {integrity: sha512-+wBOcIV5snwGgI2ya3u99D7/FJquOIniQT1IKyDsBmEgwvpxMNeS65Oib7OnE2d2aY+3BU4OiH+0Wchf8yk3Hw==}
    peerDependencies:
      react: '>=16.8.0'

  '@storybook/addons@7.6.17':
    resolution: {integrity: sha512-Ok18Y698Ccyg++MoUNJNHY0cXUvo8ETFIRLJk1g9ElJ70j6kPgNnzW2pAtZkBNmswHtofZ7pT156cj96k/LgfA==}

  '@storybook/channels@7.6.17':
    resolution: {integrity: sha512-GFG40pzaSxk1hUr/J/TMqW5AFDDPUSu+HkeE/oqSWJbOodBOLJzHN6CReJS6y1DjYSZLNFt1jftPWZZInG/XUA==}

  '@storybook/client-logger@7.6.17':
    resolution: {integrity: sha512-6WBYqixAXNAXlSaBWwgljWpAu10tPRBJrcFvx2gPUne58EeMM20Gi/iHYBz2kMCY+JLAgeIH7ZxInqwO8vDwiQ==}

  '@storybook/core-events@7.6.17':
    resolution: {integrity: sha512-AriWMCm/k1cxlv10f+jZ1wavThTRpLaN3kY019kHWbYT9XgaSuLU67G7GPr3cGnJ6HuA6uhbzu8qtqVCd6OfXA==}

  '@storybook/csf@0.1.11':
    resolution: {integrity: sha512-dHYFQH3mA+EtnCkHXzicbLgsvzYjcDJ1JWsogbItZogkPHgSJM/Wr71uMkcvw8v9mmCyP4NpXJuu6bPoVsOnzg==}

  '@storybook/global@5.0.0':
    resolution: {integrity: sha512-FcOqPAXACP0I3oJ/ws6/rrPT9WGhu915Cg8D02a9YxLo0DE9zI+a9A5gRGvmQ09fiWPukqI8ZAEoQEdWUKMQdQ==}

  '@storybook/manager-api@7.6.17':
    resolution: {integrity: sha512-IJIV1Yc6yw1dhCY4tReHCfBnUKDqEBnMyHp3mbXpsaHxnxJZrXO45WjRAZIKlQKhl/Ge1CrnznmHRCmYgqmrWg==}

  '@storybook/preview-api@7.6.17':
    resolution: {integrity: sha512-wLfDdI9RWo1f2zzFe54yRhg+2YWyxLZvqdZnSQ45mTs4/7xXV5Wfbv3QNTtcdw8tT3U5KRTrN1mTfTCiRJc0Kw==}

  '@storybook/router@7.6.17':
    resolution: {integrity: sha512-GnyC0j6Wi5hT4qRhSyT8NPtJfGmf82uZw97LQRWeyYu5gWEshUdM7aj40XlNiScd5cZDp0owO1idduVF2k2l2A==}

  '@storybook/theming@7.6.17':
    resolution: {integrity: sha512-ZbaBt3KAbmBtfjNqgMY7wPMBshhSJlhodyMNQypv+95xLD/R+Az6aBYbpVAOygLaUQaQk4ar7H/Ww6lFIoiFbA==}
    peerDependencies:
      react: ^16.8.0 || ^17.0.0 || ^18.0.0
      react-dom: ^16.8.0 || ^17.0.0 || ^18.0.0

  '@storybook/types@7.6.17':
    resolution: {integrity: sha512-GRY0xEJQ0PrL7DY2qCNUdIfUOE0Gsue6N+GBJw9ku1IUDFLJRDOF+4Dx2BvYcVCPI5XPqdWKlEyZdMdKjiQN7Q==}

  '@types/babel__core@7.20.5':
    resolution: {integrity: sha512-qoQprZvz5wQFJwMDqeseRXWv3rqMvhgpbXFfVyWhbx9X47POIA6i/+dXefEmZKoAgOaTdaIgNSMqMIU61yRyzA==}

  '@types/babel__generator@7.6.8':
    resolution: {integrity: sha512-ASsj+tpEDsEiFr1arWrlN6V3mdfjRMZt6LtK/Vp/kreFLnr5QH5+DhvD5nINYZXzwJvXeGq+05iUXcAzVrqWtw==}

  '@types/babel__template@7.4.4':
    resolution: {integrity: sha512-h/NUaSyG5EyxBIp8YRxo4RMe2/qQgvyowRwVMzhYhBCONbW8PUsg4lkFMrhgZhUe5z3L3MiLDuvyJ/CaPa2A8A==}

  '@types/babel__traverse@7.20.6':
    resolution: {integrity: sha512-r1bzfrm0tomOI8g1SzvCaQHo6Lcv6zu0EA+W2kHrt8dyrHQxGzBBL4kdkzIS+jBMV+EYcMAEAqXqYaLJq5rOZg==}

  '@types/body-parser@1.19.5':
    resolution: {integrity: sha512-fB3Zu92ucau0iQ0JMCFQE7b/dv8Ot07NI3KaZIkIUNXq82k4eBAqUaneXfleGY9JWskeS9y+u0nXMyspcuQrCg==}

  '@types/connect@3.4.38':
    resolution: {integrity: sha512-K6uROf1LD88uDQqJCktA4yzL1YYAK6NgfsI0v/mTgyPKWsX1CnJ0XPSDhViejru1GcRkLWb8RlzFYJRqGUbaug==}

  '@types/express-serve-static-core@4.19.5':
    resolution: {integrity: sha512-y6W03tvrACO72aijJ5uF02FRq5cgDR9lUxddQ8vyF+GvmjJQqbzDcJngEjURc+ZsG31VI3hODNZJ2URj86pzmg==}

  '@types/express@4.17.21':
    resolution: {integrity: sha512-ejlPM315qwLpaQlQDTjPdsUFSc6ZsP4AN6AlWnogPjQ7CVi7PYF3YVz+CY3jE2pwYf7E/7HlDAN0rV2GxTG0HQ==}

  '@types/http-errors@2.0.4':
    resolution: {integrity: sha512-D0CFMMtydbJAegzOyHjtiKPLlvnm3iTZyZRSZoLq2mRhDdmLfIWOCYPfQJ4cu2erKghU++QvjcUjp/5h7hESpA==}

  '@types/mime@1.3.5':
    resolution: {integrity: sha512-/pyBZWSLD2n0dcHE3hq8s8ZvcETHtEuF+3E7XVt0Ig2nvsVQXdghHVcEkIWjy9A0wKfTn97a/PSDYohKIlnP/w==}

  '@types/node@22.5.5':
    resolution: {integrity: sha512-Xjs4y5UPO/CLdzpgR6GirZJx36yScjh73+2NlLlkFRSoQN8B0DpfXPdZGnvVmLRLOsqDpOfTNv7D9trgGhmOIA==}

  '@types/qs@6.9.16':
    resolution: {integrity: sha512-7i+zxXdPD0T4cKDuxCUXJ4wHcsJLwENa6Z3dCu8cfCK743OGy5Nu1RmAGqDPsoTDINVEcdXKRvR/zre+P2Ku1A==}

  '@types/range-parser@1.2.7':
    resolution: {integrity: sha512-hKormJbkJqzQGhziax5PItDUTMAM9uE2XXQmM37dyd4hVM+5aVl7oVxMVUiVQn2oCQFN/LKCZdvSM0pFRqbSmQ==}

  '@types/send@0.17.4':
    resolution: {integrity: sha512-x2EM6TJOybec7c52BX0ZspPodMsQUd5L6PRwOunVyVUhXiBSKf3AezDL8Dgvgt5o0UfKNfuA0eMLr2wLT4AiBA==}

  '@types/serve-static@1.15.7':
    resolution: {integrity: sha512-W8Ym+h8nhuRwaKPaDw34QUkwsGi6Rc4yYqvKFo5rm2FUEhCFbzVWrxXUxuKK8TASjWsysJY0nsmNCGhCOIsrOw==}

  call-bind@1.0.7:
    resolution: {integrity: sha512-GHTSNSYICQ7scH7sZ+M2rFopRoLh8t2bLSW6BbgrtLsahOIB5iyAVJf9GjWK3cYTDaMj4XdBpM1cA6pIS0Kv2w==}
    engines: {node: '>= 0.4'}

  define-data-property@1.1.4:
    resolution: {integrity: sha512-rBMvIzlpA8v6E+SJZoo++HAYqsLrkg7MSfIinMPFhmkorw7X+dOXVJQs+QT69zGkzMyfDnIMN2Wid1+NbL3T+A==}
    engines: {node: '>= 0.4'}

  dequal@2.0.3:
    resolution: {integrity: sha512-0je+qPKHEMohvfRTCEo3CrPG6cAzAYgmzKyxRiYSSDkS6eGJdyVJm7WaYA5ECaAD9wLB2T4EEeymA5aFVcYXCA==}
    engines: {node: '>=6'}

  es-define-property@1.0.0:
    resolution: {integrity: sha512-jxayLKShrEqqzJ0eumQbVhTYQM27CfT1T35+gCgDFoL82JLsXqTJ76zv6A0YLOgEnLUMvLzsDsGIrl8NFpT2gQ==}
    engines: {node: '>= 0.4'}

  es-errors@1.3.0:
    resolution: {integrity: sha512-Zf5H2Kxt2xjTvbJvP2ZWLEICxA6j+hAmMzIlypy4xcBg1vKVnx89Wy0GbS+kf5cwCVFFzdCFh2XSCFNULS6csw==}
    engines: {node: '>= 0.4'}

  file-system-cache@2.3.0:
    resolution: {integrity: sha512-l4DMNdsIPsVnKrgEXbJwDJsA5mB8rGwHYERMgqQx/xAUtChPJMre1bXBzDEqqVbWv9AIbFezXMxeEkZDSrXUOQ==}

  fs-extra@11.1.1:
    resolution: {integrity: sha512-MGIE4HOvQCeUCzmlHs0vXpih4ysz4wg9qiSAu6cd42lVwPbTM1TjV7RusoyQqMmk/95gdQZX72u+YW+c3eEpFQ==}
    engines: {node: '>=14.14'}

  function-bind@1.1.2:
    resolution: {integrity: sha512-7XHNxH7qX9xG5mIwxkhumTox/MIRNcOgDrxWsMt2pAr23WHp6MrRlN7FBSFpCpr+oVO0F744iUgR82nJMfG2SA==}

  get-intrinsic@1.2.4:
    resolution: {integrity: sha512-5uYhsJH8VJBTv7oslg4BznJYhDoRI6waYCxMmCdnTrcCrHA/fCFKoTFz2JKKE0HdDFUF7/oQuhzumXJK7paBRQ==}
    engines: {node: '>= 0.4'}

  gopd@1.0.1:
    resolution: {integrity: sha512-d65bNlIadxvpb/A2abVdlqKqV563juRnZ1Wtk6s1sIR8uNsXR70xqIzVqxVf1eTqDunwT2MkczEeaezCKTZhwA==}

  graceful-fs@4.2.11:
    resolution: {integrity: sha512-RbJ5/jmFcNNCcDV5o9eTnBLJ/HszWV0P73bc+Ff4nS/rJj+YaS6IGyiOL0VoBYX+l1Wrl3k63h/KrH+nhJ0XvQ==}

  has-property-descriptors@1.0.2:
    resolution: {integrity: sha512-55JNKuIW+vq4Ke1BjOTjM2YctQIvCT7GFzHwmfZPGo5wnrgkid0YQtnAleFSqumZm4az3n2BS+erby5ipJdgrg==}

  has-proto@1.0.3:
    resolution: {integrity: sha512-SJ1amZAJUiZS+PhsVLf5tGydlaVB8EdFpaSO4gmiUKUOxk8qzn5AIy4ZeJUmh22znIdk/uMAUT2pl3FxzVUH+Q==}
    engines: {node: '>= 0.4'}

  has-symbols@1.0.3:
    resolution: {integrity: sha512-l3LCuF6MgDNwTDKkdYGEihYjt5pRPbEg46rtlmnSPlUbgmB8LOIrKJbYYFBSbnPaJexMKtiPO8hmeRjRz2Td+A==}
    engines: {node: '>= 0.4'}

  hasown@2.0.2:
    resolution: {integrity: sha512-0hJU9SCPvmMzIBdZFqNPXWa6dqh7WdH0cII9y+CyS8rG3nL48Bclra9HmKhVVUHyPWNH5Y7xDwAB7bfgSjkUMQ==}
    engines: {node: '>= 0.4'}

  js-tokens@4.0.0:
    resolution: {integrity: sha512-RdJUflcE3cUzKiMqQgsCu06FPu9UdIJO0beYbPhHN4k6apgJtifcoCtT9bcxOpYBtpD2kCM6Sbzg4CausW/PKQ==}

  jsonfile@6.1.0:
    resolution: {integrity: sha512-5dgndWOriYSm5cnYaJNhalLNDKOqFwyDB/rr1E9ZsGciGvKPs8R2xYGCacuf3z6K1YKDz182fd+fY3cn3pMqXQ==}

  lodash@4.17.21:
    resolution: {integrity: sha512-v2kDEe57lecTulaDIuNTPy3Ry4gLGJ6Z1O3vE1krgXZNrsQ+LFTGHVxVjcXPs17LhbZVGedAJv8XZ1tvj5FvSg==}

  loose-envify@1.4.0:
    resolution: {integrity: sha512-lyuxPGr/Wfhrlem2CL/UcnUc1zcqKAImBDzukY7Y5F/yQiNdko6+fRLevlw1HgMySw7f611UIY408EtxRSoK3Q==}
    hasBin: true

  map-or-similar@1.5.0:
    resolution: {integrity: sha512-0aF7ZmVon1igznGI4VS30yugpduQW3y3GkcgGJOp7d8x8QrizhigUxjI/m2UojsXXto+jLAH3KSz+xOJTiORjg==}

  memoizerific@1.11.3:
    resolution: {integrity: sha512-/EuHYwAPdLtXwAwSZkh/Gutery6pD2KYd44oQLhAvQp/50mpyduZh8Q7PYHXTCJ+wuXxt7oij2LXyIJOOYFPog==}

  mockdate@3.0.5:
    resolution: {integrity: sha512-iniQP4rj1FhBdBYS/+eQv7j1tadJ9lJtdzgOpvsOHng/GbcDh2Fhdeq+ZRldrPYdXvCyfFUmFeEwEGXZB5I/AQ==}

  object-inspect@1.13.2:
    resolution: {integrity: sha512-IRZSRuzJiynemAXPYtPe5BoI/RESNYR7TYm50MC5Mqbd3Jmw5y790sErYw3V6SryFJD64b74qQQs9wn5Bg/k3g==}
    engines: {node: '>= 0.4'}

  qs@6.13.0:
    resolution: {integrity: sha512-+38qI9SOr8tfZ4QmJNplMUxqjbe7LKvvZgWdExBOmd+egZTtjLB67Gu0HRX3u/XOq7UU2Nx6nsjvS16Z9uwfpg==}
    engines: {node: '>=0.6'}

  ramda@0.29.0:
    resolution: {integrity: sha512-BBea6L67bYLtdbOqfp8f58fPMqEwx0doL+pAi8TZyp2YWz8R9G8z9x75CZI8W+ftqhFHCpEX2cRnUUXK130iKA==}

  react-dom@18.3.1:
    resolution: {integrity: sha512-5m4nQKp+rZRb09LNH59GM4BxTh9251/ylbKIbpe7TpGxfJ+9kv6BLkLBXIjjspbgbnIBNqlI23tRnTWT0snUIw==}
    peerDependencies:
      react: ^18.3.1

  react@18.3.1:
    resolution: {integrity: sha512-wS+hAgJShR0KhEvPJArfuPVN1+Hz1t0Y6n5jLrGQbkb4urgPE/0Rve+1kMB1v/oWgHgm4WIcV+i7F2pTVj+2iQ==}
    engines: {node: '>=0.10.0'}

  scheduler@0.23.2:
    resolution: {integrity: sha512-UOShsPwz7NrMUqhR6t0hWjFduvOzbtv7toDH1/hIrfRNIDBnnBWd0CwJTGvTpngVlmwGCdP9/Zl/tVrDqcuYzQ==}

  set-function-length@1.2.2:
    resolution: {integrity: sha512-pgRc4hJ4/sNjWCSS9AmnS40x3bNMDTknHgL5UaMBTMyJnU90EgWh1Rz+MC9eFu4BuN/UwZjKQuY/1v3rM7HMfg==}
    engines: {node: '>= 0.4'}

  side-channel@1.0.6:
    resolution: {integrity: sha512-fDW/EZ6Q9RiO8eFG8Hj+7u/oW+XrPTIChwCOM2+th2A6OblDtYYIpve9m+KvI9Z4C9qSEXlaGR6bTEYHReuglA==}
    engines: {node: '>= 0.4'}

  store2@2.14.3:
    resolution: {integrity: sha512-4QcZ+yx7nzEFiV4BMLnr/pRa5HYzNITX2ri0Zh6sT9EyQHbBHacC6YigllUPU9X3D0f/22QCgfokpKs52YRrUg==}

  storybook-mock-date-decorator@2.0.6:
    resolution: {integrity: sha512-5y9daZ5mhQnAQ0OZ7jIicAgMQjWvTmBwVuQYJB8uVue0HUpVL2goNLXSPAtn7vWyYebhYD2s29300t/rmaXigg==}
    peerDependencies:
      '@storybook/addons': '>=6'

  synchronous-promise@2.0.17:
    resolution: {integrity: sha512-AsS729u2RHUfEra9xJrE39peJcc2stq2+poBXX8bcM08Y6g9j/i/PUzwNQqkaJde7Ntg1TO7bSREbR5sdosQ+g==}

  telejson@7.2.0:
    resolution: {integrity: sha512-1QTEcJkJEhc8OnStBx/ILRu5J2p0GjvWsBx56bmZRqnrkdBMUe+nX92jxV+p3dB4CP6PZCdJMQJwCggkNBMzkQ==}

  tiny-invariant@1.3.3:
    resolution: {integrity: sha512-+FbBPE1o9QAYvviau/qC5SE3caw21q3xkvWKBtja5vgqOWIHHJ3ioaq1VPfn/Szqctz2bU/oYeKd9/z5BL+PVg==}

  to-fast-properties@2.0.0:
    resolution: {integrity: sha512-/OaKK0xYrs3DmxRYqL/yDc+FxFUVYhDlXMhRmv3z915w2HF1tnN1omB354j8VUGO/hbRzyD6Y3sA7v7GS/ceog==}
    engines: {node: '>=4'}

  ts-dedent@2.2.0:
    resolution: {integrity: sha512-q5W7tVM71e2xjHZTlgfTDoPF/SmqKG5hddq9SzR49CH2hayqRKJtQ4mtRlSxKaJlR/+9rEM+mnBHf7I2/BQcpQ==}
    engines: {node: '>=6.10'}

  type-fest@2.19.0:
    resolution: {integrity: sha512-RAH822pAdBgcNMAfWnCBU3CFZcfZ/i1eZjwFU/dsLKumyuuP3niueg2UAukXYF0E2AAoc82ZSSf9J0WQBinzHA==}
    engines: {node: '>=12.20'}

  undici-types@6.19.8:
    resolution: {integrity: sha512-ve2KP6f/JnbPBFyobGHuerC9g1FYGn/F8n1LWTwNxCEzd6IfqTwUQcNXgEtmmQ6DlRrC1hrSrBnCZPokRrDHjw==}

  universalify@2.0.1:
    resolution: {integrity: sha512-gptHNQghINnc/vTGIk0SOFGFNXw7JVrlRUtConJRlvaw6DuX0wO5Jeko9sWrMBhh+PsYAZ7oXAiOnf/UKogyiw==}
    engines: {node: '>= 10.0.0'}

  util-deprecate@1.0.2:
    resolution: {integrity: sha512-EPD5q1uXyFxJpCrLnCc1nHnq3gOa6DZBocAIiI2TaSCA7VCJ1UJDMagCzIkXNsUYfD1daK//LTEQ8xiIbrHtcw==}

snapshots:

  '@babel/helper-string-parser@7.24.8': {}

  '@babel/helper-validator-identifier@7.24.7': {}

  '@babel/parser@7.25.6':
    dependencies:
      '@babel/types': 7.25.6

  '@babel/types@7.25.6':
    dependencies:
      '@babel/helper-string-parser': 7.24.8
      '@babel/helper-validator-identifier': 7.24.7
      to-fast-properties: 2.0.0

  '@emotion/use-insertion-effect-with-fallbacks@1.1.0(react@18.3.1)':
    dependencies:
      react: 18.3.1

  '@storybook/addons@7.6.17(react-dom@18.3.1(react@18.3.1))(react@18.3.1)':
    dependencies:
      '@storybook/manager-api': 7.6.17(react-dom@18.3.1(react@18.3.1))(react@18.3.1)
      '@storybook/preview-api': 7.6.17
      '@storybook/types': 7.6.17
    transitivePeerDependencies:
      - react
      - react-dom

  '@storybook/channels@7.6.17':
    dependencies:
      '@storybook/client-logger': 7.6.17
      '@storybook/core-events': 7.6.17
      '@storybook/global': 5.0.0
      qs: 6.13.0
      telejson: 7.2.0
      tiny-invariant: 1.3.3

  '@storybook/client-logger@7.6.17':
    dependencies:
      '@storybook/global': 5.0.0

  '@storybook/core-events@7.6.17':
    dependencies:
      ts-dedent: 2.2.0

  '@storybook/csf@0.1.11':
    dependencies:
      type-fest: 2.19.0

  '@storybook/global@5.0.0': {}

  '@storybook/manager-api@7.6.17(react-dom@18.3.1(react@18.3.1))(react@18.3.1)':
    dependencies:
      '@storybook/channels': 7.6.17
      '@storybook/client-logger': 7.6.17
      '@storybook/core-events': 7.6.17
      '@storybook/csf': 0.1.11
      '@storybook/global': 5.0.0
      '@storybook/router': 7.6.17
      '@storybook/theming': 7.6.17(react-dom@18.3.1(react@18.3.1))(react@18.3.1)
      '@storybook/types': 7.6.17
      dequal: 2.0.3
      lodash: 4.17.21
      memoizerific: 1.11.3
      store2: 2.14.3
      telejson: 7.2.0
      ts-dedent: 2.2.0
    transitivePeerDependencies:
      - react
      - react-dom

  '@storybook/preview-api@7.6.17':
    dependencies:
      '@storybook/channels': 7.6.17
      '@storybook/client-logger': 7.6.17
      '@storybook/core-events': 7.6.17
      '@storybook/csf': 0.1.11
      '@storybook/global': 5.0.0
      '@storybook/types': 7.6.17
      '@types/qs': 6.9.16
      dequal: 2.0.3
      lodash: 4.17.21
      memoizerific: 1.11.3
      qs: 6.13.0
      synchronous-promise: 2.0.17
      ts-dedent: 2.2.0
      util-deprecate: 1.0.2

  '@storybook/router@7.6.17':
    dependencies:
      '@storybook/client-logger': 7.6.17
      memoizerific: 1.11.3
      qs: 6.13.0

  '@storybook/theming@7.6.17(react-dom@18.3.1(react@18.3.1))(react@18.3.1)':
    dependencies:
      '@emotion/use-insertion-effect-with-fallbacks': 1.1.0(react@18.3.1)
      '@storybook/client-logger': 7.6.17
      '@storybook/global': 5.0.0
      memoizerific: 1.11.3
      react: 18.3.1
      react-dom: 18.3.1(react@18.3.1)

  '@storybook/types@7.6.17':
    dependencies:
      '@storybook/channels': 7.6.17
      '@types/babel__core': 7.20.5
      '@types/express': 4.17.21
      file-system-cache: 2.3.0

  '@types/babel__core@7.20.5':
    dependencies:
      '@babel/parser': 7.25.6
      '@babel/types': 7.25.6
      '@types/babel__generator': 7.6.8
      '@types/babel__template': 7.4.4
      '@types/babel__traverse': 7.20.6

  '@types/babel__generator@7.6.8':
    dependencies:
      '@babel/types': 7.25.6

  '@types/babel__template@7.4.4':
    dependencies:
      '@babel/parser': 7.25.6
      '@babel/types': 7.25.6

  '@types/babel__traverse@7.20.6':
    dependencies:
      '@babel/types': 7.25.6

  '@types/body-parser@1.19.5':
    dependencies:
      '@types/connect': 3.4.38
      '@types/node': 22.5.5

  '@types/connect@3.4.38':
    dependencies:
      '@types/node': 22.5.5

  '@types/express-serve-static-core@4.19.5':
    dependencies:
      '@types/node': 22.5.5
      '@types/qs': 6.9.16
      '@types/range-parser': 1.2.7
      '@types/send': 0.17.4

  '@types/express@4.17.21':
    dependencies:
      '@types/body-parser': 1.19.5
      '@types/express-serve-static-core': 4.19.5
      '@types/qs': 6.9.16
      '@types/serve-static': 1.15.7

  '@types/http-errors@2.0.4': {}

  '@types/mime@1.3.5': {}

  '@types/node@22.5.5':
    dependencies:
      undici-types: 6.19.8

  '@types/qs@6.9.16': {}

  '@types/range-parser@1.2.7': {}

  '@types/send@0.17.4':
    dependencies:
      '@types/mime': 1.3.5
      '@types/node': 22.5.5

  '@types/serve-static@1.15.7':
    dependencies:
      '@types/http-errors': 2.0.4
      '@types/node': 22.5.5
      '@types/send': 0.17.4

  call-bind@1.0.7:
    dependencies:
      es-define-property: 1.0.0
      es-errors: 1.3.0
      function-bind: 1.1.2
      get-intrinsic: 1.2.4
      set-function-length: 1.2.2

  define-data-property@1.1.4:
    dependencies:
      es-define-property: 1.0.0
      es-errors: 1.3.0
      gopd: 1.0.1

  dequal@2.0.3: {}

  es-define-property@1.0.0:
    dependencies:
      get-intrinsic: 1.2.4

  es-errors@1.3.0: {}

  file-system-cache@2.3.0:
    dependencies:
      fs-extra: 11.1.1
      ramda: 0.29.0

  fs-extra@11.1.1:
    dependencies:
      graceful-fs: 4.2.11
      jsonfile: 6.1.0
      universalify: 2.0.1

  function-bind@1.1.2: {}

  get-intrinsic@1.2.4:
    dependencies:
      es-errors: 1.3.0
      function-bind: 1.1.2
      has-proto: 1.0.3
      has-symbols: 1.0.3
      hasown: 2.0.2

  gopd@1.0.1:
    dependencies:
      get-intrinsic: 1.2.4

  graceful-fs@4.2.11: {}

  has-property-descriptors@1.0.2:
    dependencies:
      es-define-property: 1.0.0

  has-proto@1.0.3: {}

  has-symbols@1.0.3: {}

  hasown@2.0.2:
    dependencies:
      function-bind: 1.1.2

  js-tokens@4.0.0: {}

  jsonfile@6.1.0:
    dependencies:
      universalify: 2.0.1
    optionalDependencies:
      graceful-fs: 4.2.11

  lodash@4.17.21: {}

  loose-envify@1.4.0:
    dependencies:
      js-tokens: 4.0.0

  map-or-similar@1.5.0: {}

  memoizerific@1.11.3:
    dependencies:
      map-or-similar: 1.5.0

  mockdate@3.0.5: {}

  object-inspect@1.13.2: {}

  qs@6.13.0:
    dependencies:
      side-channel: 1.0.6

  ramda@0.29.0: {}

  react-dom@18.3.1(react@18.3.1):
    dependencies:
      loose-envify: 1.4.0
      react: 18.3.1
      scheduler: 0.23.2

  react@18.3.1:
    dependencies:
      loose-envify: 1.4.0

  scheduler@0.23.2:
    dependencies:
      loose-envify: 1.4.0

  set-function-length@1.2.2:
    dependencies:
      define-data-property: 1.1.4
      es-errors: 1.3.0
      function-bind: 1.1.2
      get-intrinsic: 1.2.4
      gopd: 1.0.1
      has-property-descriptors: 1.0.2

  side-channel@1.0.6:
    dependencies:
      call-bind: 1.0.7
      es-errors: 1.3.0
      get-intrinsic: 1.2.4
      object-inspect: 1.13.2

  store2@2.14.3: {}

  storybook-mock-date-decorator@2.0.6(@storybook/addons@7.6.17(react-dom@18.3.1(react@18.3.1))(react@18.3.1)):
    dependencies:
      '@storybook/addons': 7.6.17(react-dom@18.3.1(react@18.3.1))(react@18.3.1)
      mockdate: 3.0.5

  synchronous-promise@2.0.17: {}

  telejson@7.2.0:
    dependencies:
      memoizerific: 1.11.3

  tiny-invariant@1.3.3: {}

  to-fast-properties@2.0.0: {}

  ts-dedent@2.2.0: {}

  type-fest@2.19.0: {}

  undici-types@6.19.8: {}

  universalify@2.0.1: {}

  util-deprecate@1.0.2: {}
