PODS:
  - Capacitor (6.0.0):
    - CapacitorCordova
  - CapacitorApp (6.0.0):
    - Capacitor
  - CapacitorCordova (6.0.0)
  - CapacitorShare (6.0.2):
    - Capacitor

DEPENDENCIES:
  - "Capacitor (from `../../node_modules/.pnpm/@capacitor+ios@6.0.0_@capacitor+core@6.0.0/node_modules/@capacitor/ios`)"
  - "CapacitorApp (from `../../node_modules/.pnpm/@capacitor+app@6.0.0_@capacitor+core@6.0.0/node_modules/@capacitor/app`)"
  - "CapacitorCordova (from `../../node_modules/.pnpm/@capacitor+ios@6.0.0_@capacitor+core@6.0.0/node_modules/@capacitor/ios`)"
  - "CapacitorShare (from `../../node_modules/.pnpm/@capacitor+share@6.0.2_@capacitor+core@6.0.0/node_modules/@capacitor/share`)"

EXTERNAL SOURCES:
  Capacitor:
    :path: "../../node_modules/.pnpm/@capacitor+ios@6.0.0_@capacitor+core@6.0.0/node_modules/@capacitor/ios"
  CapacitorApp:
    :path: "../../node_modules/.pnpm/@capacitor+app@6.0.0_@capacitor+core@6.0.0/node_modules/@capacitor/app"
  CapacitorCordova:
    :path: "../../node_modules/.pnpm/@capacitor+ios@6.0.0_@capacitor+core@6.0.0/node_modules/@capacitor/ios"
  CapacitorShare:
    :path: "../../node_modules/.pnpm/@capacitor+share@6.0.2_@capacitor+core@6.0.0/node_modules/@capacitor/share"

SPEC CHECKSUMS:
  Capacitor: c527d208447590a004f0a4a2c42a5f361848fa8a
  CapacitorApp: 30145f2ea2311e4f3744472119ec87d2ddf4c0a7
  CapacitorCordova: 8c4bfdf69368512e85b1d8b724dd7546abeb30af
  CapacitorShare: 5d49f1b220e991372b4d5d34be9a6080a042bae4

PODFILE CHECKSUM: cd7e700e1f9b8f8340ff68b8a3e7366f7aa27ae9

COCOAPODS: 1.16.2
