{
  "lockfileVersion": 1,
  "configVersion": 1,
  "workspaces": {
    "": {
      "name": "geo",
      "dependencies": {
        "@turf/bbox": "^7.3.4",
        "@turf/buffer": "^7.3.4",
        "@turf/point-on-feature": "^7.3.4",
        "@turf/union": "^7.3.4",
      },
      "devDependencies": {
        "@types/bun": "latest",
      },
      "peerDependencies": {
        "typescript": "^5",
      },
    },
  },
  "packages": {
    "@turf/bbox": ["@turf/bbox@7.3.4", "", { "dependencies": { "@turf/helpers": "7.3.4", "@turf/meta": "7.3.4", "@types/geojson": "^7946.0.10", "tslib": "^2.8.1" } }, "sha512-D5ErVWtfQbEPh11yzI69uxqrcJmbPU/9Y59f1uTapgwAwQHQztDWgsYpnL3ns8r1GmPWLP8sGJLVTIk2TZSiYA=="],

    "@turf/boolean-point-in-polygon": ["@turf/boolean-point-in-polygon@7.3.4", "", { "dependencies": { "@turf/helpers": "7.3.4", "@turf/invariant": "7.3.4", "@types/geojson": "^7946.0.10", "point-in-polygon-hao": "^1.1.0", "tslib": "^2.8.1" } }, "sha512-v/4hfyY90Vz9cDgs2GwjQf+Lft8o7mNCLJOTz/iv8SHAIgMMX0czEoIaNVOJr7tBqPqwin1CGwsncrkf5C9n8Q=="],

    "@turf/buffer": ["@turf/buffer@7.3.4", "", { "dependencies": { "@turf/bbox": "7.3.4", "@turf/center": "7.3.4", "@turf/helpers": "7.3.4", "@turf/jsts": "^2.7.1", "@turf/meta": "7.3.4", "@turf/projection": "7.3.4", "@types/geojson": "^7946.0.10", "d3-geo": "1.7.1" } }, "sha512-MVOCBDuOl3KGDsh2stW12RmiFaFeSkVjeUbZ+ADUtIVnv+jlFsmjBpFtsEw8s9YQn5g0667QppOshm0FBHA57Q=="],

    "@turf/center": ["@turf/center@7.3.4", "", { "dependencies": { "@turf/bbox": "7.3.4", "@turf/helpers": "7.3.4", "@types/geojson": "^7946.0.10", "tslib": "^2.8.1" } }, "sha512-4SsLMDHWthXbyIHsczgFCo4fx+8tC8w2+B5HdEuY+P+cSOOL4T+6QQzd7WWjuN/Y3ndowFssUmwRrvXuwVRxQA=="],

    "@turf/clone": ["@turf/clone@7.3.4", "", { "dependencies": { "@turf/helpers": "7.3.4", "@types/geojson": "^7946.0.10", "tslib": "^2.8.1" } }, "sha512-pwQ+RyQw986uu7IulY/18NRAebwZZScb084bvVqVkTrllwLSv4oVBqUxmUMiwtp+PNdiRGRFOvNyZqtRsiD+Jw=="],

    "@turf/distance": ["@turf/distance@7.3.4", "", { "dependencies": { "@turf/helpers": "7.3.4", "@turf/invariant": "7.3.4", "@types/geojson": "^7946.0.10", "tslib": "^2.8.1" } }, "sha512-9drWgd46uHPPyzgrcRQLgSvdS/SjVlQ6ZIBoRQagS5P2kSjUbcOXHIMeOSPwfxwlKhEtobLyr+IiR2ns1TfF8w=="],

    "@turf/explode": ["@turf/explode@7.3.4", "", { "dependencies": { "@turf/helpers": "7.3.4", "@turf/meta": "7.3.4", "@types/geojson": "^7946.0.10", "tslib": "^2.8.1" } }, "sha512-7QWhp3f8jhrWjvArhJ74hXBFHMaiJr/2Y1PzHCWue2/pC5MbbTV0o7peehwrrrJC/1uD6CVb3hlcb77IxtMQkw=="],

    "@turf/helpers": ["@turf/helpers@7.3.4", "", { "dependencies": { "@types/geojson": "^7946.0.10", "tslib": "^2.8.1" } }, "sha512-U/S5qyqgx3WTvg4twaH0WxF3EixoTCfDsmk98g1E3/5e2YKp7JKYZdz0vivsS5/UZLJeZDEElOSFH4pUgp+l7g=="],

    "@turf/invariant": ["@turf/invariant@7.3.4", "", { "dependencies": { "@turf/helpers": "7.3.4", "@types/geojson": "^7946.0.10", "tslib": "^2.8.1" } }, "sha512-88Eo4va4rce9sNZs6XiMJowWkikM3cS2TBhaCKlU+GFHdNf8PFEpiU42VDU8q5tOF6/fu21Rvlke5odgOGW4AQ=="],

    "@turf/jsts": ["@turf/jsts@2.7.2", "", { "dependencies": { "jsts": "2.7.1" } }, "sha512-zAezGlwWHPyU0zxwcX2wQY3RkRpwuoBmhhNE9HY9kWhFDkCxZ3aWK5URKwa/SWKJbj9aztO+8vtdiBA28KVJFg=="],

    "@turf/meta": ["@turf/meta@7.3.4", "", { "dependencies": { "@turf/helpers": "7.3.4", "@types/geojson": "^7946.0.10", "tslib": "^2.8.1" } }, "sha512-tlmw9/Hs1p2n0uoHVm1w3ugw1I6L8jv9YZrcdQa4SH5FX5UY0ATrKeIvfA55FlL//PGuYppJp+eyg/0eb4goqw=="],

    "@turf/nearest-point": ["@turf/nearest-point@7.3.4", "", { "dependencies": { "@turf/clone": "7.3.4", "@turf/distance": "7.3.4", "@turf/helpers": "7.3.4", "@turf/meta": "7.3.4", "@types/geojson": "^7946.0.10", "tslib": "^2.8.1" } }, "sha512-WfI09f2bX0nKx/jkO7zCt3tUrJulyAlUYQtZHP7lWYMCOmZ6Pq26D6lKWjpfs2it0OHbhlx1XF/UupEUaz830w=="],

    "@turf/point-on-feature": ["@turf/point-on-feature@7.3.4", "", { "dependencies": { "@turf/boolean-point-in-polygon": "7.3.4", "@turf/center": "7.3.4", "@turf/explode": "7.3.4", "@turf/helpers": "7.3.4", "@turf/nearest-point": "7.3.4", "@types/geojson": "^7946.0.10", "tslib": "^2.8.1" } }, "sha512-tQfIxsJUxZqyO7OeJC25y3DqN9i4fmrAt4TBrPvZcIIwymgN7aMrElJKlg/dfi7JDihKp3h/CkWMjtMQA14Vwg=="],

    "@turf/projection": ["@turf/projection@7.3.4", "", { "dependencies": { "@turf/clone": "7.3.4", "@turf/helpers": "7.3.4", "@turf/meta": "7.3.4", "@types/geojson": "^7946.0.10", "tslib": "^2.8.1" } }, "sha512-p91zOaLmzoBHzU/2H6Ot1tOhTmAom85n1P7I4Oo0V9xU8hmJXWfNnomLFf/6rnkKDIFZkncLQIBz4iIecZ61sA=="],

    "@turf/union": ["@turf/union@7.3.4", "", { "dependencies": { "@turf/helpers": "7.3.4", "@turf/meta": "7.3.4", "@types/geojson": "^7946.0.10", "polyclip-ts": "^0.16.8", "tslib": "^2.8.1" } }, "sha512-JJYyPMmGcrTa9sPv2ief2QU9Hb//cEAU1zgKu/OfoCMa9a8Imp5QVm9UTAkhGlc+4qm/N/X16iJ+cvVWaxPjkg=="],

    "@types/bun": ["@types/bun@1.3.9", "", { "dependencies": { "bun-types": "1.3.9" } }, "sha512-KQ571yULOdWJiMH+RIWIOZ7B2RXQGpL1YQrBtLIV3FqDcCu6FsbFUBwhdKUlCKUpS3PJDsHlJ1QKlpxoVR+xtw=="],

    "@types/geojson": ["@types/geojson@7946.0.16", "", {}, "sha512-6C8nqWur3j98U6+lXDfTUWIfgvZU+EumvpHKcYjujKH7woYyLj2sUmff0tRhrqM7BohUw7Pz3ZB1jj2gW9Fvmg=="],

    "@types/node": ["@types/node@25.2.3", "", { "dependencies": { "undici-types": "~7.16.0" } }, "sha512-m0jEgYlYz+mDJZ2+F4v8D1AyQb+QzsNqRuI7xg1VQX/KlKS0qT9r1Mo16yo5F/MtifXFgaofIFsdFMox2SxIbQ=="],

    "bignumber.js": ["bignumber.js@9.3.1", "", {}, "sha512-Ko0uX15oIUS7wJ3Rb30Fs6SkVbLmPBAKdlm7q9+ak9bbIeFf0MwuBsQV6z7+X768/cHsfg+WlysDWJcmthjsjQ=="],

    "bun-types": ["bun-types@1.3.9", "", { "dependencies": { "@types/node": "*" } }, "sha512-+UBWWOakIP4Tswh0Bt0QD0alpTY8cb5hvgiYeWCMet9YukHbzuruIEeXC2D7nMJPB12kbh8C7XJykSexEqGKJg=="],

    "d3-array": ["d3-array@1.2.4", "", {}, "sha512-KHW6M86R+FUPYGb3R5XiYjXPq7VzwxZ22buHhAEVG5ztoEcZZMLov530mmccaqA1GghZArjQV46fuc8kUqhhHw=="],

    "d3-geo": ["d3-geo@1.7.1", "", { "dependencies": { "d3-array": "1" } }, "sha512-O4AempWAr+P5qbk2bC2FuN/sDW4z+dN2wDf9QV3bxQt4M5HfOEeXLgJ/UKQW0+o1Dj8BE+L5kiDbdWUMjsmQpw=="],

    "jsts": ["jsts@2.7.1", "", {}, "sha512-x2wSZHEBK20CY+Wy+BPE7MrFQHW6sIsdaGUMEqmGAio+3gFzQaBYPwLRonUfQf9Ak8pBieqj9tUofX1+WtAEIg=="],

    "point-in-polygon-hao": ["point-in-polygon-hao@1.2.4", "", { "dependencies": { "robust-predicates": "^3.0.2" } }, "sha512-x2pcvXeqhRHlNRdhLs/tgFapAbSSe86wa/eqmj1G6pWftbEs5aVRJhRGM6FYSUERKu0PjekJzMq0gsI2XyiclQ=="],

    "polyclip-ts": ["polyclip-ts@0.16.8", "", { "dependencies": { "bignumber.js": "^9.1.0", "splaytree-ts": "^1.0.2" } }, "sha512-JPtKbDRuPEuAjuTdhR62Gph7Is2BS1Szx69CFOO3g71lpJDFo78k4tFyi+qFOMVPePEzdSKkpGU3NBXPHHjvKQ=="],

    "robust-predicates": ["robust-predicates@3.0.2", "", {}, "sha512-IXgzBWvWQwE6PrDI05OvmXUIruQTcoMDzRsOd5CDvHCVLcLHMTSYvOK5Cm46kWqlV3yAbuSpBZdJ5oP5OUoStg=="],

    "splaytree-ts": ["splaytree-ts@1.0.2", "", {}, "sha512-0kGecIZNIReCSiznK3uheYB8sbstLjCZLiwcQwbmLhgHJj2gz6OnSPkVzJQCMnmEz1BQ4gPK59ylhBoEWOhGNA=="],

    "tslib": ["tslib@2.8.1", "", {}, "sha512-oJFu94HQb+KVduSUQL7wnpmqnfmLsOA/nAh6b6EH0wCEoK0/mPeXU6c3wKDV83MkOuHPRHtSXKKU99IBazS/2w=="],

    "typescript": ["typescript@5.9.3", "", { "bin": { "tsc": "bin/tsc", "tsserver": "bin/tsserver" } }, "sha512-jl1vZzPDinLr9eUt3J/t7V6FgNEw9QjvBPdysz9KfQDD41fQrC2Y4vKQdiaUpFT4bXlb1RHhLpp8wtm6M5TgSw=="],

    "undici-types": ["undici-types@7.16.0", "", {}, "sha512-Zz+aZWSj8LE6zoxD+xrjh4VfkIG8Ya6LvYkZqtUQGJPZjYl53ypCaUwWqo7eI0x66KBGeRo+mlBEkMSeSZ38Nw=="],
  }
}
